// !$*UTF8*$!
{
	archiveVersion = 1;
	classes = {
	};
	objectVersion = 46;
	objects = {

/* Begin PBXBuildFile section */
		3B47ED333BC8800DCEFD5FF0 /* Pods_testApp.framework in Frameworks */ = {isa = PBXBuildFile; fileRef = B582193523E4891FF5C1E852 /* Pods_testApp.framework */; };
		62238D641F0CC68D00B59E5D /* testAppTests.swift in Sources */ = {isa = PBXBuildFile; fileRef = 62238D631F0CC68D00B59E5D /* testAppTests.swift */; };
		6269BCCF1F0BB61200F02862 /* AppDelegate.swift in Sources */ = {isa = PBXBuildFile; fileRef = 6269BCCE1F0BB61200F02862 /* AppDelegate.swift */; };
		6269BCD11F0BB61200F02862 /* ViewController.swift in Sources */ = {isa = PBXBuildFile; fileRef = 6269BCD01F0BB61200F02862 /* ViewController.swift */; };
		6269BCD41F0BB61200F02862 /* Main.storyboard in Resources */ = {isa = PBXBuildFile; fileRef = 6269BCD21F0BB61200F02862 /* Main.storyboard */; };
		6269BCD61F0BB61200F02862 /* Assets.xcassets in Resources */ = {isa = PBXBuildFile; fileRef = 6269BCD51F0BB61200F02862 /* Assets.xcassets */; };
		6269BCD91F0BB61200F02862 /* LaunchScreen.storyboard in Resources */ = {isa = PBXBuildFile; fileRef = 6269BCD71F0BB61200F02862 /* LaunchScreen.storyboard */; };
/* End PBXBuildFile section */

/* Begin PBXContainerItemProxy section */
		62238D661F0CC68D00B59E5D /* PBXContainerItemProxy */ = {
			isa = PBXContainerItemProxy;
			containerPortal = 6269BCC31F0BB61200F02862 /* Project object */;
			proxyType = 1;
			remoteGlobalIDString = 6269BCCA1F0BB61200F02862;
			remoteInfo = testApp;
		};
/* End PBXContainerItemProxy section */

/* Begin PBXFileReference section */
		1DB36FEC5D2D2FC57BCEA8BD /* Pods-testApp.debug.xcconfig */ = {isa = PBXFileReference; includeInIndex = 1; lastKnownFileType = text.xcconfig; name = "Pods-testApp.debug.xcconfig"; path = "Pods/Target Support Files/Pods-testApp/Pods-testApp.debug.xcconfig"; sourceTree = "<group>"; };
		4909409AC230913A627C8556 /* Pods-testApp.release.xcconfig */ = {isa = PBXFileReference; includeInIndex = 1; lastKnownFileType = text.xcconfig; name = "Pods-testApp.release.xcconfig"; path = "Pods/Target Support Files/Pods-testApp/Pods-testApp.release.xcconfig"; sourceTree = "<group>"; };
		62238D611F0CC68D00B59E5D /* testAppTests.xctest */ = {isa = PBXFileReference; explicitFileType = wrapper.cfbundle; includeInIndex = 0; path = testAppTests.xctest; sourceTree = BUILT_PRODUCTS_DIR; };
		62238D631F0CC68D00B59E5D /* testAppTests.swift */ = {isa = PBXFileReference; lastKnownFileType = sourcecode.swift; path = testAppTests.swift; sourceTree = "<group>"; };
		62238D651F0CC68D00B59E5D /* Info.plist */ = {isa = PBXFileReference; lastKnownFileType = text.plist.xml; path = Info.plist; sourceTree = "<group>"; };
		6269BCCB1F0BB61200F02862 /* testApp.app */ = {isa = PBXFileReference; explicitFileType = wrapper.application; includeInIndex = 0; path = testApp.app; sourceTree = BUILT_PRODUCTS_DIR; };
		6269BCCE1F0BB61200F02862 /* AppDelegate.swift */ = {isa = PBXFileReference; lastKnownFileType = sourcecode.swift; path = AppDelegate.swift; sourceTree = "<group>"; };
		6269BCD01F0BB61200F02862 /* ViewController.swift */ = {isa = PBXFileReference; lastKnownFileType = sourcecode.swift; path = ViewController.swift; sourceTree = "<group>"; };
		6269BCD31F0BB61200F02862 /* Base */ = {isa = PBXFileReference; lastKnownFileType = file.storyboard; name = Base; path = Base.lproj/Main.storyboard; sourceTree = "<group>"; };
		6269BCD51F0BB61200F02862 /* Assets.xcassets */ = {isa = PBXFileReference; lastKnownFileType = folder.assetcatalog; path = Assets.xcassets; sourceTree = "<group>"; };
		6269BCD81F0BB61200F02862 /* Base */ = {isa = PBXFileReference; lastKnownFileType = file.storyboard; name = Base; path = Base.lproj/LaunchScreen.storyboard; sourceTree = "<group>"; };
		6269BCDA1F0BB61200F02862 /* Info.plist */ = {isa = PBXFileReference; lastKnownFileType = text.plist.xml; path = Info.plist; sourceTree = "<group>"; };
		B582193523E4891FF5C1E852 /* Pods_testApp.framework */ = {isa = PBXFileReference; explicitFileType = wrapper.framework; includeInIndex = 0; path = Pods_testApp.framework; sourceTree = BUILT_PRODUCTS_DIR; };
/* End PBXFileReference section */

/* Begin PBXFrameworksBuildPhase section */
		62238D5E1F0CC68D00B59E5D /* Frameworks */ = {
			isa = PBXFrameworksBuildPhase;
			buildActionMask = 2147483647;
			files = (
			);
			runOnlyForDeploymentPostprocessing = 0;
		};
		6269BCC81F0BB61200F02862 /* Frameworks */ = {
			isa = PBXFrameworksBuildPhase;
			buildActionMask = 2147483647;
			files = (
				3B47ED333BC8800DCEFD5FF0 /* Pods_testApp.framework in Frameworks */,
			);
			runOnlyForDeploymentPostprocessing = 0;
		};
/* End PBXFrameworksBuildPhase section */

/* Begin PBXGroup section */
		14034D5374D4A072F8620AB0 /* Pods */ = {
			isa = PBXGroup;
			children = (
				1DB36FEC5D2D2FC57BCEA8BD /* Pods-testApp.debug.xcconfig */,
				4909409AC230913A627C8556 /* Pods-testApp.release.xcconfig */,
			);
			name = Pods;
			sourceTree = "<group>";
		};
		62238D621F0CC68D00B59E5D /* testAppTests */ = {
			isa = PBXGroup;
			children = (
				62238D631F0CC68D00B59E5D /* testAppTests.swift */,
				62238D651F0CC68D00B59E5D /* Info.plist */,
			);
			path = testAppTests;
			sourceTree = "<group>";
		};
		6269BCC21F0BB61200F02862 = {
			isa = PBXGroup;
			children = (
				6269BCCD1F0BB61200F02862 /* testApp */,
				62238D621F0CC68D00B59E5D /* testAppTests */,
				6269BCCC1F0BB61200F02862 /* Products */,
				14034D5374D4A072F8620AB0 /* Pods */,
				B058DDFE6B0B25931F7B02DE /* Frameworks */,
			);
			sourceTree = "<group>";
		};
		6269BCCC1F0BB61200F02862 /* Products */ = {
			isa = PBXGroup;
			children = (
				6269BCCB1F0BB61200F02862 /* testApp.app */,
				62238D611F0CC68D00B59E5D /* testAppTests.xctest */,
			);
			name = Products;
			sourceTree = "<group>";
		};
		6269BCCD1F0BB61200F02862 /* testApp */ = {
			isa = PBXGroup;
			children = (
				6269BCCE1F0BB61200F02862 /* AppDelegate.swift */,
				6269BCD01F0BB61200F02862 /* ViewController.swift */,
				6269BCD21F0BB61200F02862 /* Main.storyboard */,
				6269BCD51F0BB61200F02862 /* Assets.xcassets */,
				6269BCD71F0BB61200F02862 /* LaunchScreen.storyboard */,
				6269BCDA1F0BB61200F02862 /* Info.plist */,
			);
			path = testApp;
			sourceTree = "<group>";
		};
		B058DDFE6B0B25931F7B02DE /* Frameworks */ = {
			isa = PBXGroup;
			children = (
				B582193523E4891FF5C1E852 /* Pods_testApp.framework */,
			);
			name = Frameworks;
			sourceTree = "<group>";
		};
/* End PBXGroup section */

/* Begin PBXNativeTarget section */
		62238D601F0CC68D00B59E5D /* testAppTests */ = {
			isa = PBXNativeTarget;
			buildConfigurationList = 62238D681F0CC68D00B59E5D /* Build configuration list for PBXNativeTarget "testAppTests" */;
			buildPhases = (
				62238D5D1F0CC68D00B59E5D /* Sources */,
				62238D5E1F0CC68D00B59E5D /* Frameworks */,
				62238D5F1F0CC68D00B59E5D /* Resources */,
			);
			buildRules = (
			);
			dependencies = (
				62238D671F0CC68D00B59E5D /* PBXTargetDependency */,
			);
			name = testAppTests;
			productName = testAppTests;
			productReference = 62238D611F0CC68D00B59E5D /* testAppTests.xctest */;
			productType = "com.apple.product-type.bundle.unit-test";
		};
		6269BCCA1F0BB61200F02862 /* testApp */ = {
			isa = PBXNativeTarget;
			buildConfigurationList = 6269BCDD1F0BB61200F02862 /* Build configuration list for PBXNativeTarget "testApp" */;
			buildPhases = (
				9728A73558D518B66FC9B66A /* [CP] Check Pods Manifest.lock */,
				6269BCC71F0BB61200F02862 /* Sources */,
				6269BCC81F0BB61200F02862 /* Frameworks */,
				6269BCC91F0BB61200F02862 /* Resources */,
				78E8D293353238CEB0E3A049 /* [CP] Embed Pods Frameworks */,
				B70C0A7F1AEC8F79EA7C71F3 /* [CP] Copy Pods Resources */,
			);
			buildRules = (
			);
			dependencies = (
			);
			name = testApp;
			productName = testApp;
			productReference = 6269BCCB1F0BB61200F02862 /* testApp.app */;
			productType = "com.apple.product-type.application";
		};
/* End PBXNativeTarget section */

/* Begin PBXProject section */
		6269BCC31F0BB61200F02862 /* Project object */ = {
			isa = PBXProject;
			attributes = {
				LastSwiftUpdateCheck = 0830;
				LastUpgradeCheck = 0830;
				ORGANIZATIONNAME = "Include tech.";
				TargetAttributes = {
					62238D601F0CC68D00B59E5D = {
						CreatedOnToolsVersion = 8.3.1;
						DevelopmentTeam = 8DMCVMABTV;
						ProvisioningStyle = Manual;
						TestTargetID = 6269BCCA1F0BB61200F02862;
					};
					6269BCCA1F0BB61200F02862 = {
						CreatedOnToolsVersion = 8.3.1;
						DevelopmentTeam = 8DMCVMABTV;
						ProvisioningStyle = Manual;
					};
				};
			};
			buildConfigurationList = 6269BCC61F0BB61200F02862 /* Build configuration list for PBXProject "testApp" */;
			compatibilityVersion = "Xcode 3.2";
			developmentRegion = English;
			hasScannedForEncodings = 0;
			knownRegions = (
				en,
				Base,
			);
			mainGroup = 6269BCC21F0BB61200F02862;
			productRefGroup = 6269BCCC1F0BB61200F02862 /* Products */;
			projectDirPath = "";
			projectRoot = "";
			targets = (
				6269BCCA1F0BB61200F02862 /* testApp */,
				62238D601F0CC68D00B59E5D /* testAppTests */,
			);
		};
/* End PBXProject section */

/* Begin PBXResourcesBuildPhase section */
		62238D5F1F0CC68D00B59E5D /* Resources */ = {
			isa = PBXResourcesBuildPhase;
			buildActionMask = 2147483647;
			files = (
			);
			runOnlyForDeploymentPostprocessing = 0;
		};
		6269BCC91F0BB61200F02862 /* Resources */ = {
			isa = PBXResourcesBuildPhase;
			buildActionMask = 2147483647;
			files = (
				6269BCD91F0BB61200F02862 /* LaunchScreen.storyboard in Resources */,
				6269BCD61F0BB61200F02862 /* Assets.xcassets in Resources */,
				6269BCD41F0BB61200F02862 /* Main.storyboard in Resources */,
			);
			runOnlyForDeploymentPostprocessing = 0;
		};
/* End PBXResourcesBuildPhase section */

/* Begin PBXShellScriptBuildPhase section */
		78E8D293353238CEB0E3A049 /* [CP] Embed Pods Frameworks */ = {
			isa = PBXShellScriptBuildPhase;
			buildActionMask = 2147483647;
			files = (
			);
			inputPaths = (
			);
			name = "[CP] Embed Pods Frameworks";
			outputPaths = (
			);
			runOnlyForDeploymentPostprocessing = 0;
			shellPath = /bin/sh;
			shellScript = "\"${SRCROOT}/Pods/Target Support Files/Pods-testApp/Pods-testApp-frameworks.sh\"\n";
			showEnvVarsInLog = 0;
		};
		9728A73558D518B66FC9B66A /* [CP] Check Pods Manifest.lock */ = {
			isa = PBXShellScriptBuildPhase;
			buildActionMask = 2147483647;
			files = (
			);
			inputPaths = (
			);
			name = "[CP] Check Pods Manifest.lock";
			outputPaths = (
			);
			runOnlyForDeploymentPostprocessing = 0;
			shellPath = /bin/sh;
			shellScript = "diff \"${PODS_PODFILE_DIR_PATH}/Podfile.lock\" \"${PODS_ROOT}/Manifest.lock\" > /dev/null\nif [ $? != 0 ] ; then\n    # print error to STDERR\n    echo \"error: The sandbox is not in sync with the Podfile.lock. Run 'pod install' or update your CocoaPods installation.\" >&2\n    exit 1\nfi\n";
			showEnvVarsInLog = 0;
		};
		B70C0A7F1AEC8F79EA7C71F3 /* [CP] Copy Pods Resources */ = {
			isa = PBXShellScriptBuildPhase;
			buildActionMask = 2147483647;
			files = (
			);
			inputPaths = (
			);
			name = "[CP] Copy Pods Resources";
			outputPaths = (
			);
			runOnlyForDeploymentPostprocessing = 0;
			shellPath = /bin/sh;
			shellScript = "\"${SRCROOT}/Pods/Target Support Files/Pods-testApp/Pods-testApp-resources.sh\"\n";
			showEnvVarsInLog = 0;
		};
/* End PBXShellScriptBuildPhase section */

/* Begin PBXSourcesBuildPhase section */
		62238D5D1F0CC68D00B59E5D /* Sources */ = {
			isa = PBXSourcesBuildPhase;
			buildActionMask = 2147483647;
			files = (
				62238D641F0CC68D00B59E5D /* testAppTests.swift in Sources */,
			);
			runOnlyForDeploymentPostprocessing = 0;
		};
		6269BCC71F0BB61200F02862 /* Sources */ = {
			isa = PBXSourcesBuildPhase;
			buildActionMask = 2147483647;
			files = (
				6269BCD11F0BB61200F02862 /* ViewController.swift in Sources */,
				6269BCCF1F0BB61200F02862 /* AppDelegate.swift in Sources */,
			);
			runOnlyForDeploymentPostprocessing = 0;
		};
/* End PBXSourcesBuildPhase section */

/* Begin PBXTargetDependency section */
		62238D671F0CC68D00B59E5D /* PBXTargetDependency */ = {
			isa = PBXTargetDependency;
			target = 6269BCCA1F0BB61200F02862 /* testApp */;
			targetProxy = 62238D661F0CC68D00B59E5D /* PBXContainerItemProxy */;
		};
/* End PBXTargetDependency section */

/* Begin PBXVariantGroup section */
		6269BCD21F0BB61200F02862 /* Main.storyboard */ = {
			isa = PBXVariantGroup;
			children = (
				6269BCD31F0BB61200F02862 /* Base */,
			);
			name = Main.storyboard;
			sourceTree = "<group>";
		};
		6269BCD71F0BB61200F02862 /* LaunchScreen.storyboard */ = {
			isa = PBXVariantGroup;
			children = (
				6269BCD81F0BB61200F02862 /* Base */,
			);
			name = LaunchScreen.storyboard;
			sourceTree = "<group>";
		};
/* End PBXVariantGroup section */

/* Begin XCBuildConfiguration section */
		62238D691F0CC68D00B59E5D /* Debug */ = {
			isa = XCBuildConfiguration;
			buildSettings = {
				BUNDLE_LOADER = "$(TEST_HOST)";
				DEVELOPMENT_TEAM = 8DMCVMABTV;
				INFOPLIST_FILE = testAppTests/Info.plist;
				LD_RUNPATH_SEARCH_PATHS = "$(inherited) @executable_path/Frameworks @loader_path/Frameworks";
				PRODUCT_BUNDLE_IDENTIFIER = com.includetech.dummy.testAppTests;
				PRODUCT_NAME = "$(TARGET_NAME)";
				PROVISIONING_PROFILE_SPECIFIER = "";
				SWIFT_VERSION = 3.0;
				TEST_HOST = "$(BUILT_PRODUCTS_DIR)/testApp.app/testApp";
			};
			name = Debug;
		};
		62238D6A1F0CC68D00B59E5D /* Release */ = {
			isa = XCBuildConfiguration;
			buildSettings = {
				BUNDLE_LOADER = "$(TEST_HOST)";
				DEVELOPMENT_TEAM = 8DMCVMABTV;
				INFOPLIST_FILE = testAppTests/Info.plist;
				LD_RUNPATH_SEARCH_PATHS = "$(inherited) @executable_path/Frameworks @loader_path/Frameworks";
				PRODUCT_BUNDLE_IDENTIFIER = com.includetech.dummy.testAppTests;
				PRODUCT_NAME = "$(TARGET_NAME)";
				PROVISIONING_PROFILE_SPECIFIER = "";
				SWIFT_VERSION = 3.0;
				TEST_HOST = "$(BUILT_PRODUCTS_DIR)/testApp.app/testApp";
			};
			name = Release;
		};
		6269BCDB1F0BB61200F02862 /* Debug */ = {
			isa = XCBuildConfiguration;
			buildSettings = {
				ALWAYS_SEARCH_USER_PATHS = NO;
				CLANG_ANALYZER_NONNULL = YES;
				CLANG_ANALYZER_NUMBER_OBJECT_CONVERSION = YES_AGGRESSIVE;
				CLANG_CXX_LANGUAGE_STANDARD = "gnu++0x";
				CLANG_CXX_LIBRARY = "libc++";
				CLANG_ENABLE_MODULES = YES;
				CLANG_ENABLE_OBJC_ARC = YES;
				CLANG_WARN_BOOL_CONVERSION = YES;
				CLANG_WARN_CONSTANT_CONVERSION = YES;
				CLANG_WARN_DIRECT_OBJC_ISA_USAGE = YES_ERROR;
				CLANG_WARN_DOCUMENTATION_COMMENTS = YES;
				CLANG_WARN_EMPTY_BODY = YES;
				CLANG_WARN_ENUM_CONVERSION = YES;
				CLANG_WARN_INFINITE_RECURSION = YES;
				CLANG_WARN_INT_CONVERSION = YES;
				CLANG_WARN_OBJC_ROOT_CLASS = YES_ERROR;
				CLANG_WARN_SUSPICIOUS_MOVE = YES;
				CLANG_WARN_UNREACHABLE_CODE = YES;
				CLANG_WARN__DUPLICATE_METHOD_MATCH = YES;
				CODE_SIGN_IDENTITY = "iPhone Distribution: Include Technologies (8DMCVMABTV)";
				"CODE_SIGN_IDENTITY[sdk=iphoneos*]" = "iPhone Distribution: Include Technologies (8DMCVMABTV)";
				COPY_PHASE_STRIP = NO;
				DEBUG_INFORMATION_FORMAT = dwarf;
				ENABLE_STRICT_OBJC_MSGSEND = YES;
				ENABLE_TESTABILITY = YES;
				GCC_C_LANGUAGE_STANDARD = gnu99;
				GCC_DYNAMIC_NO_PIC = NO;
				GCC_NO_COMMON_BLOCKS = YES;
				GCC_OPTIMIZATION_LEVEL = 0;
				GCC_PREPROCESSOR_DEFINITIONS = (
					"DEBUG=1",
					"$(inherited)",
				);
				GCC_WARN_64_TO_32_BIT_CONVERSION = YES;
				GCC_WARN_ABOUT_RETURN_TYPE = YES_ERROR;
				GCC_WARN_UNDECLARED_SELECTOR = YES;
				GCC_WARN_UNINITIALIZED_AUTOS = YES_AGGRESSIVE;
				GCC_WARN_UNUSED_FUNCTION = YES;
				GCC_WARN_UNUSED_VARIABLE = YES;
				IPHONEOS_DEPLOYMENT_TARGET = 10.3;
				MTL_ENABLE_DEBUG_INFO = YES;
				ONLY_ACTIVE_ARCH = YES;
				SDKROOT = iphoneos;
				SWIFT_ACTIVE_COMPILATION_CONDITIONS = DEBUG;
				SWIFT_OPTIMIZATION_LEVEL = "-Onone";
				TARGETED_DEVICE_FAMILY = "1,2";
			};
			name = Debug;
		};
		6269BCDC1F0BB61200F02862 /* Release */ = {
			isa = XCBuildConfiguration;
			buildSettings = {
				ALWAYS_SEARCH_USER_PATHS = NO;
				CLANG_ANALYZER_NONNULL = YES;
				CLANG_ANALYZER_NUMBER_OBJECT_CONVERSION = YES_AGGRESSIVE;
				CLANG_CXX_LANGUAGE_STANDARD = "gnu++0x";
				CLANG_CXX_LIBRARY = "libc++";
				CLANG_ENABLE_MODULES = YES;
				CLANG_ENABLE_OBJC_ARC = YES;
				CLANG_WARN_BOOL_CONVERSION = YES;
				CLANG_WARN_CONSTANT_CONVERSION = YES;
				CLANG_WARN_DIRECT_OBJC_ISA_USAGE = YES_ERROR;
				CLANG_WARN_DOCUMENTATION_COMMENTS = YES;
				CLANG_WARN_EMPTY_BODY = YES;
				CLANG_WARN_ENUM_CONVERSION = YES;
				CLANG_WARN_INFINITE_RECURSION = YES;
				CLANG_WARN_INT_CONVERSION = YES;
				CLANG_WARN_OBJC_ROOT_CLASS = YES_ERROR;
				CLANG_WARN_SUSPICIOUS_MOVE = YES;
				CLANG_WARN_UNREACHABLE_CODE = YES;
				CLANG_WARN__DUPLICATE_METHOD_MATCH = YES;
				CODE_SIGN_IDENTITY = "iPhone Distribution: Include Technologies (8DMCVMABTV)";
				"CODE_SIGN_IDENTITY[sdk=iphoneos*]" = "iPhone Distribution: Include Technologies (8DMCVMABTV)";
				COPY_PHASE_STRIP = NO;
				DEBUG_INFORMATION_FORMAT = "dwarf-with-dsym";
				ENABLE_NS_ASSERTIONS = NO;
				ENABLE_STRICT_OBJC_MSGSEND = YES;
				GCC_C_LANGUAGE_STANDARD = gnu99;
				GCC_NO_COMMON_BLOCKS = YES;
				GCC_WARN_64_TO_32_BIT_CONVERSION = YES;
				GCC_WARN_ABOUT_RETURN_TYPE = YES_ERROR;
				GCC_WARN_UNDECLARED_SELECTOR = YES;
				GCC_WARN_UNINITIALIZED_AUTOS = YES_AGGRESSIVE;
				GCC_WARN_UNUSED_FUNCTION = YES;
				GCC_WARN_UNUSED_VARIABLE = YES;
				IPHONEOS_DEPLOYMENT_TARGET = 10.3;
				MTL_ENABLE_DEBUG_INFO = NO;
				SDKROOT = iphoneos;
				SWIFT_OPTIMIZATION_LEVEL = "-Owholemodule";
				TARGETED_DEVICE_FAMILY = "1,2";
				VALIDATE_PRODUCT = YES;
			};
			name = Release;
		};
		6269BCDE1F0BB61200F02862 /* Debug */ = {
			isa = XCBuildConfiguration;
			baseConfigurationReference = 1DB36FEC5D2D2FC57BCEA8BD /* Pods-testApp.debug.xcconfig */;
			buildSettings = {
				ASSETCATALOG_COMPILER_APPICON_NAME = AppIcon;
				CODE_SIGN_IDENTITY = "iPhone Distribution: Include Technologies (8DMCVMABTV)";
				"CODE_SIGN_IDENTITY[sdk=iphoneos*]" = "iPhone Distribution";
				DEVELOPMENT_TEAM = 8DMCVMABTV;
				INFOPLIST_FILE = testApp/Info.plist;
				LD_RUNPATH_SEARCH_PATHS = "$(inherited) @executable_path/Frameworks";
				PRODUCT_BUNDLE_IDENTIFIER = com.includetech.test;
				PRODUCT_NAME = "$(TARGET_NAME)";
				PROVISIONING_PROFILE = "1f59baee-5a72-4225-bf0d-06466ebe7356";
				PROVISIONING_PROFILE_SPECIFIER = TestApp;
				SWIFT_VERSION = 3.0;
			};
			name = Debug;
		};
		6269BCDF1F0BB61200F02862 /* Release */ = {
			isa = XCBuildConfiguration;
			baseConfigurationReference = 4909409AC230913A627C8556 /* Pods-testApp.release.xcconfig */;
			buildSettings = {
				ASSETCATALOG_COMPILER_APPICON_NAME = AppIcon;
				CODE_SIGN_IDENTITY = "iPhone Distribution: Include Technologies (8DMCVMABTV)";
				"CODE_SIGN_IDENTITY[sdk=iphoneos*]" = "iPhone Distribution";
				DEVELOPMENT_TEAM = 8DMCVMABTV;
				INFOPLIST_FILE = testApp/Info.plist;
				LD_RUNPATH_SEARCH_PATHS = "$(inherited) @executable_path/Frameworks";
				PRODUCT_BUNDLE_IDENTIFIER = com.includetech.test;
				PRODUCT_NAME = "$(TARGET_NAME)";
				PROVISIONING_PROFILE = "1f59baee-5a72-4225-bf0d-06466ebe7356";
				PROVISIONING_PROFILE_SPECIFIER = TestApp;
				SWIFT_VERSION = 3.0;
			};
			name = Release;
		};
/* End XCBuildConfiguration section */

/* Begin XCConfigurationList section */
		62238D681F0CC68D00B59E5D /* Build configuration list for PBXNativeTarget "testAppTests" */ = {
			isa = XCConfigurationList;
			buildConfigurations = (
				62238D691F0CC68D00B59E5D /* Debug */,
				62238D6A1F0CC68D00B59E5D /* Release */,
			);
			defaultConfigurationIsVisible = 0;
			defaultConfigurationName = Release;
		};
		6269BCC61F0BB61200F02862 /* Build configuration list for PBXProject "testApp" */ = {
			isa = XCConfigurationList;
			buildConfigurations = (
				6269BCDB1F0BB61200F02862 /* Debug */,
				6269BCDC1F0BB61200F02862 /* Release */,
			);
			defaultConfigurationIsVisible = 0;
			defaultConfigurationName = Release;
		};
		6269BCDD1F0BB61200F02862 /* Build configuration list for PBXNativeTarget "testApp" */ = {
			isa = XCConfigurationList;
			buildConfigurations = (
				6269BCDE1F0BB61200F02862 /* Debug */,
				6269BCDF1F0BB61200F02862 /* Release */,
			);
			defaultConfigurationIsVisible = 0;
			defaultConfigurationName = Release;
		};
/* End XCConfigurationList section */
	};
	rootObject = 6269BCC31F0BB61200F02862 /* Project object */;
}
